{
  "name": "amari",
  "version": "1.0.0",
  "lockfileVersion": 3,
  "requires": true,
  "packages": {
    "": {
      "name": "amari",
      "version": "1.0.0",
      "license": "ISC",
      "dependencies": {
        "leaflet": "^1.9.3",
        "leaflet.smooth_marker_bouncing": "^3.0.2"
      }
    },
    "node_modules/leaflet": {
      "version": "1.9.3",
      "resolved": "https://registry.npmjs.org/leaflet/-/leaflet-1.9.3.tgz",
      "integrity": "sha512-iB2cR9vAkDOu5l3HAay2obcUHZ7xwUBBjph8+PGtmW/2lYhbLizWtG7nTeYht36WfOslixQF9D/uSIzhZgGMfQ=="
    },
    "node_modules/leaflet.smooth_marker_bouncing": {
      "version": "3.0.2",
      "resolved": "https://registry.npmjs.org/leaflet.smooth_marker_bouncing/-/leaflet.smooth_marker_bouncing-3.0.2.tgz",
      "integrity": "sha512-KquVYjBn++9zwuooFQ5P4BTTlryUZcJQ+vnvM4qf0gjlE1cxzSts1NHC9PREf7qlRdWBGsa6n5hav+1Monnelw=="
    }
  }
}
